
Microsoft Visual Studio Solution File, Format Version 12.00
# Visual Studio Version 17
VisualStudioVersion = 17.13.35931.197 d17.13
MinimumVisualStudioVersion = 10.0.40219.1
Project("{54A90642-561A-4BB1-A94E-469ADEE60C69}") = "product-feedback.client", "product-feedback.client\product-feedback.client.esproj", "{3A59F3EE-BF3C-EDD0-A464-D0D487680DB1}"
EndProject
Project("{FAE04EC0-301F-11D3-BF4B-00C04F79EFBC}") = "product-feedback.Server", "product-feedback.Server\product-feedback.Server.csproj", "{C7E72D6C-0C05-4149-A56D-D2C64EB93715}"
EndProject
Global
	GlobalSection(SolutionConfigurationPlatforms) = preSolution
		Debug|Any CPU = Debug|Any CPU
		Release|Any CPU = Release|Any CPU
	EndGlobalSection
	GlobalSection(ProjectConfigurationPlatforms) = postSolution
		{3A59F3EE-BF3C-EDD0-A464-D0D487680DB1}.Debug|Any CPU.ActiveCfg = Debug|Any CPU
		{3A59F3EE-BF3C-EDD0-A464-D0D487680DB1}.Debug|Any CPU.Build.0 = Debug|Any CPU
		{3A59F3EE-BF3C-EDD0-A464-D0D487680DB1}.Debug|Any CPU.Deploy.0 = Debug|Any CPU
		{3A59F3EE-BF3C-EDD0-A464-D0D487680DB1}.Release|Any CPU.ActiveCfg = Release|Any CPU
		{3A59F3EE-BF3C-EDD0-A464-D0D487680DB1}.Release|Any CPU.Build.0 = Release|Any CPU
		{3A59F3EE-BF3C-EDD0-A464-D0D487680DB1}.Release|Any CPU.Deploy.0 = Release|Any CPU
		{C7E72D6C-0C05-4149-A56D-D2C64EB93715}.Debug|Any CPU.ActiveCfg = Debug|Any CPU
		{C7E72D6C-0C05-4149-A56D-D2C64EB93715}.Debug|Any CPU.Build.0 = Debug|Any CPU
		{C7E72D6C-0C05-4149-A56D-D2C64EB93715}.Release|Any CPU.ActiveCfg = Release|Any CPU
		{C7E72D6C-0C05-4149-A56D-D2C64EB93715}.Release|Any CPU.Build.0 = Release|Any CPU
	EndGlobalSection
	GlobalSection(SolutionProperties) = preSolution
		HideSolutionNode = FALSE
	EndGlobalSection
	GlobalSection(ExtensibilityGlobals) = postSolution
		SolutionGuid = {CF1DDC8F-A960-4360-B37D-A6CFF57E3AD1}
	EndGlobalSection
EndGlobal
